{
  "version": 4,
  "terraform_version": "1.11.4",
  "serial": 24,
  "lineage": "8143b751-6c49-1fdc-1ba3-bb4f98f730e5",
  "outputs": {
    "cluster_ca_certificate": {
      "value": "LS0tLS1CRUdJTiBDRVJUSUZJQ0FURS0tLS0tCk1JSUVMVENDQXBXZ0F3SUJBZ0lSQUxjQUtVSWoxSWYrWlVFamJ4OUpIcUl3RFFZSktvWklodmNOQVFFTEJRQXcKTHpFdE1Dc0dBMVVFQXhNa04ySm1NVEppWWpZdE1EaGpZUzAwTmpBekxUaGhOVEl0TXpZeE56Wm1ZbUkzTWprMQpNQ0FYRFRJMU1EWXdNVEl6TkRnek9Gb1lEekl3TlRVd05USTJNREEwT0RNNFdqQXZNUzB3S3dZRFZRUURFeVEzClltWXhNbUppTmkwd09HTmhMVFEyTURNdE9HRTFNaTB6TmpFM05tWmlZamN5T1RVd2dnR2lNQTBHQ1NxR1NJYjMKRFFFQkFRVUFBNElCandBd2dnR0tBb0lCZ1FDNmxJVXlzdlErWlN6MmozeEQ3b3dXajZJZTlBR2h5MDNpQmkyQQoyUmFWdktaYmJDODNRcytZU0dVbmczVXA2Y0orWGM3R3FqcHNTVHMyVFdqZU1DVjlkenRlY2hFOTFHTkxvRVNzCmNLYWZvU0gwdWxod0tBVlliUFRnWjNzNjNYaFBrWDZ6SGZWTmFOUWRJSnNqeEJWdFFqNzRERG1uYmJiRHRZb2IKMWxyOERtWGxFN3Bkb08xTWJpMGx0QW93RTlTdUJubXVVMTVQQi9IMU5XZDFXWVkxUmxDRDQ3NzB2bFlNV0pJUQpUOWpLcGZMMWFpR29DS2ovaVloRCtmS0JzMFdic2hINnkvSzZRZlhzY1A2NXZJSlUwVmo4VU1URklVSzJGVHpLCitOZExHWkVoZ3o5T0hxN2tUVlc5dkVsSjJXZVIxNUFwbjZIUmVIV1llTGpPSGJYMmpRR0Z1L0RPMjRaZEdXS3AKeFg5cE1tR3BzVGQrMnMxUFFZelozYVRRLzJnTEVxc2VCOEswQkQyVTQ2WTVncStha2h5UUFQRVJ0MW9BSjVSZwpaK0pueGtZdzdCeDNpc1ZqNkdzWDZDeDJSTlpJblZYUkV3bnBwVGR3b0RMbWRXQ3pLaTFsYUJpUEhUTHJ0UXJQCnhvMkQrVmtPUVRVMytxWjlZSmY0dFg2TGdVMENBd0VBQWFOQ01FQXdEZ1lEVlIwUEFRSC9CQVFEQWdJRU1BOEcKQTFVZEV3RUIvd1FGTUFNQkFmOHdIUVlEVlIwT0JCWUVGR3M2b1pCM2ZYOG1zS0YrZHBuc282b3pFVE01TUEwRwpDU3FHU0liM0RRRUJDd1VBQTRJQmdRQ21reUh1TzJhMUpwQVRBL1cyVzgrLytHQmxrOHdJb3hnTFU5QVJDYW9lCms4VmdjaUJoSWFaMnI1eW5GU1N2d3RNaFF2NkkvQXVST1ZmWHdvUG5URGlQMzBTeDJ4d2EwZ2NaTUl2R3pSSHcKV2l2WHQ3WVBRWGhoNUZuY3NSSm9LTTRHT2lWZjZYOHdGK2dVOXhPWWdNMjRtT3A0c2w1aUlSUVZkSVNLMXF0MwpDLzM2UkRaeit6WGhnaWZTWjc0VE42T296eWZrbmN3blFmNnp2TEpPNXhCTDZDN1F2QzFKaTZSZFNETjVtVWxYCnlYU3FJNk1wWisxQWZjZmd0SERUZTNuK3RCanNvMFVVQm1LUGswc1dCb3VhTFFkSG5lN040R2Y1c29wOTVHeWEKODJkc1dVWStFamRWUVBsNkU4eTU4RnpxV3lzMnpoei9BWDFCY0RlV0kwTDQySkZoZ1FsT3JOZG9ST0kwY2N5LwoyN01NRENjd2NXOU5qZGJMd2dOVjFuajczU0ticXdqbkpJQTV6NEtFUGhrTVhVdlR6emNZRHpHYnJRem5TOVNvCkZhRzh0cjAzcmJ4R0F3Q2NRcU1WMFoxRmFncklhcXUwOFZ0bFhvanZEdkZabE5JeU8wQXVWdis2aGF5RjEvT2gKa3ZrMmZHNVdwVHVIcTJmVGlNbVRJTUU9Ci0tLS0tRU5EIENFUlRJRklDQVRFLS0tLS0K",
      "type": "string",
      "sensitive": true
    },
    "cluster_endpoint": {
      "value": "34.10.138.4",
      "type": "string",
      "sensitive": true
    },
    "cluster_name": {
      "value": "crypto-ticker-entrevista",
      "type": "string"
    },
    "node_pools": {
      "value": {
        "prod-pool": {
          "labels": {
            "environment": "prod",
            "pool-type": "production"
          },
          "machine_type": "e2-medium",
          "name": "prod-pool",
          "node_count": 1
        },
        "staging-pool": {
          "labels": {
            "environment": "prod",
            "pool-type": "staging"
          },
          "machine_type": "e2-medium",
          "name": "staging-pool",
          "node_count": 1
        }
      },
      "type": [
        "object",
        {
          "prod-pool": [
            "object",
            {
              "labels": [
                "map",
                "string"
              ],
              "machine_type": "string",
              "name": "string",
              "node_count": "number"
            }
          ],
          "staging-pool": [
            "object",
            {
              "labels": [
                "map",
                "string"
              ],
              "machine_type": "string",
              "name": "string",
              "node_count": "number"
            }
          ]
        }
      ]
    }
  },
  "resources": [
    {
      "mode": "managed",
      "type": "google_compute_network",
      "name": "vpc",
      "provider": "provider[\"registry.terraform.io/hashicorp/google\"]",
      "instances": [
        {
          "schema_version": 0,
          "attributes": {
            "auto_create_subnetworks": false,
            "delete_default_routes_on_create": false,
            "description": "",
            "enable_ula_internal_ipv6": false,
            "gateway_ipv4": "",
            "id": "projects/entrevista-nemesisrfl/global/networks/gke-network",
            "internal_ipv6_range": "",
            "mtu": 0,
            "name": "gke-network",
            "network_firewall_policy_enforcement_order": "AFTER_CLASSIC_FIREWALL",
            "project": "entrevista-nemesisrfl",
            "routing_mode": "REGIONAL",
            "self_link": "https://www.googleapis.com/compute/v1/projects/entrevista-nemesisrfl/global/networks/gke-network",
            "timeouts": null
          },
          "sensitive_attributes": [],
          "private": "eyJlMmJmYjczMC1lY2FhLTExZTYtOGY4OC0zNDM2M2JjN2M0YzAiOnsiY3JlYXRlIjoxMjAwMDAwMDAwMDAwLCJkZWxldGUiOjEyMDAwMDAwMDAwMDAsInVwZGF0ZSI6MTIwMDAwMDAwMDAwMH19",
          "create_before_destroy": true
        }
      ]
    },
    {
      "mode": "managed",
      "type": "google_compute_router",
      "name": "router",
      "provider": "provider[\"registry.terraform.io/hashicorp/google\"]",
      "instances": [
        {
          "schema_version": 0,
          "attributes": {
            "bgp": [],
            "creation_timestamp": "2025-06-01T17:48:11.636-07:00",
            "description": "",
            "encrypted_interconnect_router": false,
            "id": "projects/entrevista-nemesisrfl/regions/us-central1/routers/gke-nat-router",
            "name": "gke-nat-router",
            "network": "https://www.googleapis.com/compute/v1/projects/entrevista-nemesisrfl/global/networks/gke-network",
            "project": "entrevista-nemesisrfl",
            "region": "us-central1",
            "self_link": "https://www.googleapis.com/compute/v1/projects/entrevista-nemesisrfl/regions/us-central1/routers/gke-nat-router",
            "timeouts": null
          },
          "sensitive_attributes": [],
          "private": "eyJlMmJmYjczMC1lY2FhLTExZTYtOGY4OC0zNDM2M2JjN2M0YzAiOnsiY3JlYXRlIjoxMjAwMDAwMDAwMDAwLCJkZWxldGUiOjEyMDAwMDAwMDAwMDAsInVwZGF0ZSI6MTIwMDAwMDAwMDAwMH19",
          "dependencies": [
            "google_compute_network.vpc"
          ],
          "create_before_destroy": true
        }
      ]
    },
    {
      "mode": "managed",
      "type": "google_compute_router_nat",
      "name": "nat",
      "provider": "provider[\"registry.terraform.io/hashicorp/google\"]",
      "instances": [
        {
          "schema_version": 0,
          "attributes": {
            "drain_nat_ips": null,
            "enable_dynamic_port_allocation": false,
            "enable_endpoint_independent_mapping": true,
            "icmp_idle_timeout_sec": 30,
            "id": "entrevista-nemesisrfl/us-central1/gke-nat-router/gke-nat",
            "log_config": [
              {
                "enable": true,
                "filter": "ERRORS_ONLY"
              }
            ],
            "max_ports_per_vm": 0,
            "min_ports_per_vm": 0,
            "name": "gke-nat",
            "nat_ip_allocate_option": "AUTO_ONLY",
            "nat_ips": null,
            "project": "entrevista-nemesisrfl",
            "region": "us-central1",
            "router": "gke-nat-router",
            "rules": [],
            "source_subnetwork_ip_ranges_to_nat": "ALL_SUBNETWORKS_ALL_IP_RANGES",
            "subnetwork": [],
            "tcp_established_idle_timeout_sec": 1200,
            "tcp_time_wait_timeout_sec": 120,
            "tcp_transitory_idle_timeout_sec": 30,
            "timeouts": null,
            "udp_idle_timeout_sec": 30
          },
          "sensitive_attributes": [],
          "private": "eyJlMmJmYjczMC1lY2FhLTExZTYtOGY4OC0zNDM2M2JjN2M0YzAiOnsiY3JlYXRlIjoxMjAwMDAwMDAwMDAwLCJkZWxldGUiOjEyMDAwMDAwMDAwMDAsInVwZGF0ZSI6MTIwMDAwMDAwMDAwMH19",
          "dependencies": [
            "google_compute_network.vpc",
            "google_compute_router.router"
          ],
          "create_before_destroy": true
        }
      ]
    },
    {
      "mode": "managed",
      "type": "google_compute_subnetwork",
      "name": "subnet",
      "provider": "provider[\"registry.terraform.io/hashicorp/google\"]",
      "instances": [
        {
          "schema_version": 0,
          "attributes": {
            "creation_timestamp": "2025-06-01T17:48:11.918-07:00",
            "description": "",
            "external_ipv6_prefix": "",
            "fingerprint": null,
            "gateway_address": "10.0.0.1",
            "id": "projects/entrevista-nemesisrfl/regions/us-central1/subnetworks/gke-subnet",
            "internal_ipv6_prefix": "",
            "ip_cidr_range": "10.0.0.0/24",
            "ipv6_access_type": "",
            "ipv6_cidr_range": "",
            "log_config": [],
            "name": "gke-subnet",
            "network": "https://www.googleapis.com/compute/v1/projects/entrevista-nemesisrfl/global/networks/gke-network",
            "private_ip_google_access": false,
            "private_ipv6_google_access": "DISABLE_GOOGLE_ACCESS",
            "project": "entrevista-nemesisrfl",
            "purpose": "PRIVATE",
            "region": "us-central1",
            "role": "",
            "secondary_ip_range": [
              {
                "ip_cidr_range": "192.168.0.0/18",
                "range_name": "pod-ranges"
              },
              {
                "ip_cidr_range": "192.168.64.0/18",
                "range_name": "service-ranges"
              }
            ],
            "self_link": "https://www.googleapis.com/compute/v1/projects/entrevista-nemesisrfl/regions/us-central1/subnetworks/gke-subnet",
            "stack_type": "IPV4_ONLY",
            "timeouts": null
          },
          "sensitive_attributes": [],
          "private": "eyJlMmJmYjczMC1lY2FhLTExZTYtOGY4OC0zNDM2M2JjN2M0YzAiOnsiY3JlYXRlIjoxMjAwMDAwMDAwMDAwLCJkZWxldGUiOjEyMDAwMDAwMDAwMDAsInVwZGF0ZSI6MTIwMDAwMDAwMDAwMH19",
          "dependencies": [
            "google_compute_network.vpc"
          ],
          "create_before_destroy": true
        }
      ]
    },
    {
      "mode": "managed",
      "type": "google_container_cluster",
      "name": "primary",
      "provider": "provider[\"registry.terraform.io/hashicorp/google\"]",
      "instances": [
        {
          "schema_version": 1,
          "attributes": {
            "addons_config": [
              {
                "cloudrun_config": [],
                "config_connector_config": [],
                "dns_cache_config": [],
                "gce_persistent_disk_csi_driver_config": [
                  {
                    "enabled": true
                  }
                ],
                "gcp_filestore_csi_driver_config": [],
                "gcs_fuse_csi_driver_config": [],
                "gke_backup_agent_config": [],
                "horizontal_pod_autoscaling": [],
                "http_load_balancing": [],
                "network_policy_config": [
                  {
                    "disabled": true
                  }
                ]
              }
            ],
            "allow_net_admin": null,
            "authenticator_groups_config": [],
            "binary_authorization": [
              {
                "enabled": false,
                "evaluation_mode": ""
              }
            ],
            "cluster_autoscaling": [
              {
                "auto_provisioning_defaults": [],
                "enabled": false,
                "resource_limits": []
              }
            ],
            "cluster_ipv4_cidr": "192.168.0.0/18",
            "confidential_nodes": [],
            "cost_management_config": [],
            "database_encryption": [
              {
                "key_name": "",
                "state": "DECRYPTED"
              }
            ],
            "datapath_provider": "",
            "default_max_pods_per_node": 110,
            "default_snat_status": [
              {
                "disabled": false
              }
            ],
            "description": "",
            "dns_config": [],
            "enable_autopilot": false,
            "enable_binary_authorization": false,
            "enable_intranode_visibility": false,
            "enable_k8s_beta_apis": [],
            "enable_kubernetes_alpha": false,
            "enable_l4_ilb_subsetting": false,
            "enable_legacy_abac": false,
            "enable_shielded_nodes": true,
            "enable_tpu": false,
            "endpoint": "34.10.138.4",
            "gateway_api_config": [],
            "id": "projects/entrevista-nemesisrfl/locations/us-central1-a/clusters/crypto-ticker-entrevista",
            "initial_node_count": 1,
            "ip_allocation_policy": [
              {
                "additional_pod_ranges_config": [],
                "cluster_ipv4_cidr_block": "192.168.0.0/18",
                "cluster_secondary_range_name": "pod-ranges",
                "pod_cidr_overprovision_config": [
                  {
                    "disabled": false
                  }
                ],
                "services_ipv4_cidr_block": "192.168.64.0/18",
                "services_secondary_range_name": "service-ranges",
                "stack_type": "IPV4"
              }
            ],
            "label_fingerprint": "a9dc16a7",
            "location": "us-central1-a",
            "logging_config": [
              {
                "enable_components": [
                  "SYSTEM_COMPONENTS",
                  "WORKLOADS"
                ]
              }
            ],
            "logging_service": "logging.googleapis.com/kubernetes",
            "maintenance_policy": [],
            "master_auth": [
              {
                "client_certificate": "",
                "client_certificate_config": [
                  {
                    "issue_client_certificate": false
                  }
                ],
                "client_key": "",
                "cluster_ca_certificate": "LS0tLS1CRUdJTiBDRVJUSUZJQ0FURS0tLS0tCk1JSUVMVENDQXBXZ0F3SUJBZ0lSQUxjQUtVSWoxSWYrWlVFamJ4OUpIcUl3RFFZSktvWklodmNOQVFFTEJRQXcKTHpFdE1Dc0dBMVVFQXhNa04ySm1NVEppWWpZdE1EaGpZUzAwTmpBekxUaGhOVEl0TXpZeE56Wm1ZbUkzTWprMQpNQ0FYRFRJMU1EWXdNVEl6TkRnek9Gb1lEekl3TlRVd05USTJNREEwT0RNNFdqQXZNUzB3S3dZRFZRUURFeVEzClltWXhNbUppTmkwd09HTmhMVFEyTURNdE9HRTFNaTB6TmpFM05tWmlZamN5T1RVd2dnR2lNQTBHQ1NxR1NJYjMKRFFFQkFRVUFBNElCandBd2dnR0tBb0lCZ1FDNmxJVXlzdlErWlN6MmozeEQ3b3dXajZJZTlBR2h5MDNpQmkyQQoyUmFWdktaYmJDODNRcytZU0dVbmczVXA2Y0orWGM3R3FqcHNTVHMyVFdqZU1DVjlkenRlY2hFOTFHTkxvRVNzCmNLYWZvU0gwdWxod0tBVlliUFRnWjNzNjNYaFBrWDZ6SGZWTmFOUWRJSnNqeEJWdFFqNzRERG1uYmJiRHRZb2IKMWxyOERtWGxFN3Bkb08xTWJpMGx0QW93RTlTdUJubXVVMTVQQi9IMU5XZDFXWVkxUmxDRDQ3NzB2bFlNV0pJUQpUOWpLcGZMMWFpR29DS2ovaVloRCtmS0JzMFdic2hINnkvSzZRZlhzY1A2NXZJSlUwVmo4VU1URklVSzJGVHpLCitOZExHWkVoZ3o5T0hxN2tUVlc5dkVsSjJXZVIxNUFwbjZIUmVIV1llTGpPSGJYMmpRR0Z1L0RPMjRaZEdXS3AKeFg5cE1tR3BzVGQrMnMxUFFZelozYVRRLzJnTEVxc2VCOEswQkQyVTQ2WTVncStha2h5UUFQRVJ0MW9BSjVSZwpaK0pueGtZdzdCeDNpc1ZqNkdzWDZDeDJSTlpJblZYUkV3bnBwVGR3b0RMbWRXQ3pLaTFsYUJpUEhUTHJ0UXJQCnhvMkQrVmtPUVRVMytxWjlZSmY0dFg2TGdVMENBd0VBQWFOQ01FQXdEZ1lEVlIwUEFRSC9CQVFEQWdJRU1BOEcKQTFVZEV3RUIvd1FGTUFNQkFmOHdIUVlEVlIwT0JCWUVGR3M2b1pCM2ZYOG1zS0YrZHBuc282b3pFVE01TUEwRwpDU3FHU0liM0RRRUJDd1VBQTRJQmdRQ21reUh1TzJhMUpwQVRBL1cyVzgrLytHQmxrOHdJb3hnTFU5QVJDYW9lCms4VmdjaUJoSWFaMnI1eW5GU1N2d3RNaFF2NkkvQXVST1ZmWHdvUG5URGlQMzBTeDJ4d2EwZ2NaTUl2R3pSSHcKV2l2WHQ3WVBRWGhoNUZuY3NSSm9LTTRHT2lWZjZYOHdGK2dVOXhPWWdNMjRtT3A0c2w1aUlSUVZkSVNLMXF0MwpDLzM2UkRaeit6WGhnaWZTWjc0VE42T296eWZrbmN3blFmNnp2TEpPNXhCTDZDN1F2QzFKaTZSZFNETjVtVWxYCnlYU3FJNk1wWisxQWZjZmd0SERUZTNuK3RCanNvMFVVQm1LUGswc1dCb3VhTFFkSG5lN040R2Y1c29wOTVHeWEKODJkc1dVWStFamRWUVBsNkU4eTU4RnpxV3lzMnpoei9BWDFCY0RlV0kwTDQySkZoZ1FsT3JOZG9ST0kwY2N5LwoyN01NRENjd2NXOU5qZGJMd2dOVjFuajczU0ticXdqbkpJQTV6NEtFUGhrTVhVdlR6emNZRHpHYnJRem5TOVNvCkZhRzh0cjAzcmJ4R0F3Q2NRcU1WMFoxRmFncklhcXUwOFZ0bFhvanZEdkZabE5JeU8wQXVWdis2aGF5RjEvT2gKa3ZrMmZHNVdwVHVIcTJmVGlNbVRJTUU9Ci0tLS0tRU5EIENFUlRJRklDQVRFLS0tLS0K"
              }
            ],
            "master_authorized_networks_config": [
              {
                "cidr_blocks": [
                  {
                    "cidr_block": "0.0.0.0/0",
                    "display_name": "All"
                  }
                ],
                "gcp_public_cidrs_access_enabled": false
              }
            ],
            "master_version": "1.32.4-gke.1106006",
            "mesh_certificates": [],
            "min_master_version": null,
            "monitoring_config": [
              {
                "advanced_datapath_observability_config": [
                  {
                    "enable_metrics": false,
                    "relay_mode": ""
                  }
                ],
                "enable_components": [
                  "SYSTEM_COMPONENTS",
                  "STORAGE",
                  "HPA",
                  "POD",
                  "DAEMONSET",
                  "DEPLOYMENT",
                  "STATEFULSET",
                  "JOBSET",
                  "CADVISOR",
                  "KUBELET",
                  "DCGM"
                ],
                "managed_prometheus": [
                  {
                    "enabled": true
                  }
                ]
              }
            ],
            "monitoring_service": "monitoring.googleapis.com/kubernetes",
            "name": "crypto-ticker-entrevista",
            "network": "projects/entrevista-nemesisrfl/global/networks/gke-network",
            "network_policy": [
              {
                "enabled": false,
                "provider": "PROVIDER_UNSPECIFIED"
              }
            ],
            "networking_mode": "VPC_NATIVE",
            "node_config": [],
            "node_locations": [],
            "node_pool": [],
            "node_pool_auto_config": [
              {
                "network_tags": null
              }
            ],
            "node_pool_defaults": [
              {
                "node_config_defaults": [
                  {
                    "logging_variant": "DEFAULT"
                  }
                ]
              }
            ],
            "node_version": "1.32.4-gke.1106006",
            "notification_config": [
              {
                "pubsub": [
                  {
                    "enabled": false,
                    "filter": [],
                    "topic": ""
                  }
                ]
              }
            ],
            "operation": null,
            "private_cluster_config": [
              {
                "enable_private_endpoint": false,
                "enable_private_nodes": true,
                "master_global_access_config": [
                  {
                    "enabled": false
                  }
                ],
                "master_ipv4_cidr_block": "172.16.0.0/28",
                "peering_name": "",
                "private_endpoint": "172.16.0.2",
                "private_endpoint_subnetwork": "",
                "public_endpoint": "34.10.138.4"
              }
            ],
            "private_ipv6_google_access": "",
            "project": "entrevista-nemesisrfl",
            "release_channel": [
              {
                "channel": "REGULAR"
              }
            ],
            "remove_default_node_pool": true,
            "resource_labels": null,
            "resource_usage_export_config": [],
            "security_posture_config": [
              {
                "mode": "BASIC",
                "vulnerability_mode": "VULNERABILITY_MODE_UNSPECIFIED"
              }
            ],
            "self_link": "https://container.googleapis.com/v1/projects/entrevista-nemesisrfl/zones/us-central1-a/clusters/crypto-ticker-entrevista",
            "service_external_ips_config": [
              {
                "enabled": false
              }
            ],
            "services_ipv4_cidr": "192.168.64.0/18",
            "subnetwork": "projects/entrevista-nemesisrfl/regions/us-central1/subnetworks/gke-subnet",
            "timeouts": null,
            "tpu_ipv4_cidr_block": "",
            "vertical_pod_autoscaling": [],
            "workload_identity_config": []
          },
          "sensitive_attributes": [
            [
              {
                "type": "get_attr",
                "value": "master_auth"
              },
              {
                "type": "index",
                "value": {
                  "value": 0,
                  "type": "number"
                }
              },
              {
                "type": "get_attr",
                "value": "client_key"
              }
            ]
          ],
          "private": "eyJlMmJmYjczMC1lY2FhLTExZTYtOGY4OC0zNDM2M2JjN2M0YzAiOnsiY3JlYXRlIjoyNDAwMDAwMDAwMDAwLCJkZWxldGUiOjI0MDAwMDAwMDAwMDAsInJlYWQiOjI0MDAwMDAwMDAwMDAsInVwZGF0ZSI6MzYwMDAwMDAwMDAwMH0sInNjaGVtYV92ZXJzaW9uIjoiMSJ9",
          "dependencies": [
            "google_compute_network.vpc",
            "google_compute_router.router",
            "google_compute_router_nat.nat",
            "google_compute_subnetwork.subnet"
          ],
          "create_before_destroy": true
        }
      ]
    },
    {
      "mode": "managed",
      "type": "google_container_node_pool",
      "name": "node_pools",
      "provider": "provider[\"registry.terraform.io/hashicorp/google\"]",
      "instances": [
        {
          "index_key": "prod-pool",
          "schema_version": 1,
          "attributes": {
            "autoscaling": [],
            "cluster": "crypto-ticker-entrevista",
            "id": "projects/entrevista-nemesisrfl/locations/us-central1-a/clusters/crypto-ticker-entrevista/nodePools/prod-pool",
            "initial_node_count": 1,
            "instance_group_urls": [
              "https://www.googleapis.com/compute/v1/projects/entrevista-nemesisrfl/zones/us-central1-a/instanceGroupManagers/gke-crypto-ticker-entrevist-prod-pool-c78dae1d-grp"
            ],
            "location": "us-central1-a",
            "managed_instance_group_urls": [
              "https://www.googleapis.com/compute/v1/projects/entrevista-nemesisrfl/zones/us-central1-a/instanceGroups/gke-crypto-ticker-entrevist-prod-pool-c78dae1d-grp"
            ],
            "management": [
              {
                "auto_repair": true,
                "auto_upgrade": true
              }
            ],
            "max_pods_per_node": 110,
            "name": "prod-pool",
            "name_prefix": "",
            "network_config": [
              {
                "create_pod_range": false,
                "enable_private_nodes": true,
                "pod_cidr_overprovision_config": [],
                "pod_ipv4_cidr_block": "192.168.0.0/18",
                "pod_range": "pod-ranges"
              }
            ],
            "node_config": [
              {
                "advanced_machine_features": [],
                "boot_disk_kms_key": "",
                "confidential_nodes": [],
                "disk_size_gb": 30,
                "disk_type": "pd-balanced",
                "ephemeral_storage_local_ssd_config": [],
                "fast_socket": [],
                "gcfs_config": [],
                "guest_accelerator": [],
                "gvnic": [],
                "host_maintenance_policy": [],
                "image_type": "COS_CONTAINERD",
                "kubelet_config": [
                  {
                    "cpu_cfs_quota": false,
                    "cpu_cfs_quota_period": "",
                    "cpu_manager_policy": "",
                    "pod_pids_limit": 0
                  }
                ],
                "labels": {
                  "environment": "prod",
                  "pool-type": "production"
                },
                "linux_node_config": [],
                "local_nvme_ssd_block_config": [],
                "local_ssd_count": 0,
                "logging_variant": "DEFAULT",
                "machine_type": "e2-medium",
                "metadata": {
                  "disable-legacy-endpoints": "true"
                },
                "min_cpu_platform": "",
                "node_group": "",
                "oauth_scopes": [
                  "https://www.googleapis.com/auth/cloud-platform"
                ],
                "preemptible": false,
                "reservation_affinity": [],
                "resource_labels": {
                  "goog-gke-node-pool-provisioning-model": "on-demand"
                },
                "service_account": "default",
                "shielded_instance_config": [
                  {
                    "enable_integrity_monitoring": true,
                    "enable_secure_boot": false
                  }
                ],
                "sole_tenant_config": [],
                "spot": false,
                "tags": null,
                "taint": [
                  {
                    "effect": "PREFER_NO_SCHEDULE",
                    "key": "nodeType",
                    "value": "prod"
                  }
                ],
                "workload_metadata_config": []
              }
            ],
            "node_count": 1,
            "node_locations": [
              "us-central1-a"
            ],
            "operation": null,
            "placement_policy": [],
            "project": "entrevista-nemesisrfl",
            "timeouts": null,
            "upgrade_settings": [
              {
                "blue_green_settings": [],
                "max_surge": 1,
                "max_unavailable": 0,
                "strategy": "SURGE"
              }
            ],
            "version": "1.32.4-gke.1106006"
          },
          "sensitive_attributes": [],
          "private": "eyJlMmJmYjczMC1lY2FhLTExZTYtOGY4OC0zNDM2M2JjN2M0YzAiOnsiY3JlYXRlIjoxODAwMDAwMDAwMDAwLCJkZWxldGUiOjE4MDAwMDAwMDAwMDAsInVwZGF0ZSI6MTgwMDAwMDAwMDAwMH0sInNjaGVtYV92ZXJzaW9uIjoiMSJ9",
          "dependencies": [
            "google_compute_network.vpc",
            "google_compute_router.router",
            "google_compute_router_nat.nat",
            "google_compute_subnetwork.subnet",
            "google_container_cluster.primary"
          ],
          "create_before_destroy": true
        },
        {
          "index_key": "staging-pool",
          "schema_version": 1,
          "attributes": {
            "autoscaling": [],
            "cluster": "crypto-ticker-entrevista",
            "id": "projects/entrevista-nemesisrfl/locations/us-central1-a/clusters/crypto-ticker-entrevista/nodePools/staging-pool",
            "initial_node_count": 1,
            "instance_group_urls": [
              "https://www.googleapis.com/compute/v1/projects/entrevista-nemesisrfl/zones/us-central1-a/instanceGroupManagers/gke-crypto-ticker-entrev-staging-pool-a4960596-grp"
            ],
            "location": "us-central1-a",
            "managed_instance_group_urls": [
              "https://www.googleapis.com/compute/v1/projects/entrevista-nemesisrfl/zones/us-central1-a/instanceGroups/gke-crypto-ticker-entrev-staging-pool-a4960596-grp"
            ],
            "management": [
              {
                "auto_repair": true,
                "auto_upgrade": true
              }
            ],
            "max_pods_per_node": 110,
            "name": "staging-pool",
            "name_prefix": "",
            "network_config": [
              {
                "create_pod_range": false,
                "enable_private_nodes": true,
                "pod_cidr_overprovision_config": [],
                "pod_ipv4_cidr_block": "192.168.0.0/18",
                "pod_range": "pod-ranges"
              }
            ],
            "node_config": [
              {
                "advanced_machine_features": [],
                "boot_disk_kms_key": "",
                "confidential_nodes": [],
                "disk_size_gb": 30,
                "disk_type": "pd-balanced",
                "ephemeral_storage_local_ssd_config": [],
                "fast_socket": [],
                "gcfs_config": [],
                "guest_accelerator": [],
                "gvnic": [],
                "host_maintenance_policy": [],
                "image_type": "COS_CONTAINERD",
                "kubelet_config": [
                  {
                    "cpu_cfs_quota": false,
                    "cpu_cfs_quota_period": "",
                    "cpu_manager_policy": "",
                    "pod_pids_limit": 0
                  }
                ],
                "labels": {
                  "environment": "prod",
                  "pool-type": "staging"
                },
                "linux_node_config": [],
                "local_nvme_ssd_block_config": [],
                "local_ssd_count": 0,
                "logging_variant": "DEFAULT",
                "machine_type": "e2-medium",
                "metadata": {
                  "disable-legacy-endpoints": "true"
                },
                "min_cpu_platform": "",
                "node_group": "",
                "oauth_scopes": [
                  "https://www.googleapis.com/auth/cloud-platform"
                ],
                "preemptible": false,
                "reservation_affinity": [],
                "resource_labels": {
                  "goog-gke-node-pool-provisioning-model": "on-demand"
                },
                "service_account": "default",
                "shielded_instance_config": [
                  {
                    "enable_integrity_monitoring": true,
                    "enable_secure_boot": false
                  }
                ],
                "sole_tenant_config": [],
                "spot": false,
                "tags": null,
                "taint": [
                  {
                    "effect": "PREFER_NO_SCHEDULE",
                    "key": "nodeType",
                    "value": "staging"
                  }
                ],
                "workload_metadata_config": []
              }
            ],
            "node_count": 1,
            "node_locations": [
              "us-central1-a"
            ],
            "operation": null,
            "placement_policy": [],
            "project": "entrevista-nemesisrfl",
            "timeouts": null,
            "upgrade_settings": [
              {
                "blue_green_settings": [],
                "max_surge": 1,
                "max_unavailable": 0,
                "strategy": "SURGE"
              }
            ],
            "version": "1.32.4-gke.1106006"
          },
          "sensitive_attributes": [],
          "private": "eyJlMmJmYjczMC1lY2FhLTExZTYtOGY4OC0zNDM2M2JjN2M0YzAiOnsiY3JlYXRlIjoxODAwMDAwMDAwMDAwLCJkZWxldGUiOjE4MDAwMDAwMDAwMDAsInVwZGF0ZSI6MTgwMDAwMDAwMDAwMH0sInNjaGVtYV92ZXJzaW9uIjoiMSJ9",
          "dependencies": [
            "google_compute_network.vpc",
            "google_compute_router.router",
            "google_compute_router_nat.nat",
            "google_compute_subnetwork.subnet",
            "google_container_cluster.primary"
          ],
          "create_before_destroy": true
        }
      ]
    }
  ],
  "check_results": null
}
